
Microsoft Visual Studio Solution File, Format Version 12.00
# Visual Studio Version 17
VisualStudioVersion = 17.7.34024.191
MinimumVisualStudioVersion = 10.0.40219.1
Project("{FAE04EC0-301F-11D3-BF4B-00C04F79EFBC}") = "SpaceHubApp", "WindowsFormsApp1\SpaceHubApp.csproj", "{FC775C69-0E89-4CEF-8A49-0221FCB4A358}"
EndProject
Project("{2150E333-8FDC-42A3-9474-1A3956D46DE8}") = "솔루션 항목", "솔루션 항목", "{FB51CA6E-DFDA-4669-98A5-787AFE643CB5}"
EndProject
Global
	GlobalSection(SolutionConfigurationPlatforms) = preSolution
		Debug|Any CPU = Debug|Any CPU
		Release|Any CPU = Release|Any CPU
	EndGlobalSection
	GlobalSection(ProjectConfigurationPlatforms) = postSolution
		{FC775C69-0E89-4CEF-8A49-0221FCB4A358}.Debug|Any CPU.ActiveCfg = Debug|Any CPU
		{FC775C69-0E89-4CEF-8A49-0221FCB4A358}.Debug|Any CPU.Build.0 = Debug|Any CPU
		{FC775C69-0E89-4CEF-8A49-0221FCB4A358}.Release|Any CPU.ActiveCfg = Release|Any CPU
		{FC775C69-0E89-4CEF-8A49-0221FCB4A358}.Release|Any CPU.Build.0 = Release|Any CPU
	EndGlobalSection
	GlobalSection(SolutionProperties) = preSolution
		HideSolutionNode = FALSE
	EndGlobalSection
	GlobalSection(ExtensibilityGlobals) = postSolution
		SolutionGuid = {4C549436-F017-47E3-BF58-02C407E30305}
	EndGlobalSection
EndGlobal
